#MicroXplorer Configuration settings - do not modify
ADC.IPParameters=NbrOfConversion,SelectedChannel
ADC.NbrOfConversion=1
ADC.SelectedChannel=ADC_CHANNEL_VREFINT
CAD.formats=
CAD.pinconfig=
CAD.provider=
Dma.LPUART1_RX.0.Direction=DMA_PERIPH_TO_MEMORY
Dma.LPUART1_RX.0.EventEnable=DISABLE
Dma.LPUART1_RX.0.Instance=DMA1_Channel1
Dma.LPUART1_RX.0.MemDataAlignment=DMA_MDATAALIGN_BYTE
Dma.LPUART1_RX.0.MemInc=DMA_MINC_ENABLE
Dma.LPUART1_RX.0.Mode=DMA_NORMAL
Dma.LPUART1_RX.0.PeriphDataAlignment=DMA_PDATAALIGN_BYTE
Dma.LPUART1_RX.0.PeriphInc=DMA_PINC_DISABLE
Dma.LPUART1_RX.0.Polarity=HAL_DMAMUX_REQ_GEN_RISING
Dma.LPUART1_RX.0.Priority=DMA_PRIORITY_LOW
Dma.LPUART1_RX.0.RequestNumber=1
Dma.LPUART1_RX.0.RequestParameters=Instance,Direction,PeriphInc,MemInc,PeriphDataAlignment,MemDataAlignment,Mode,Priority,SignalID,Polarity,RequestNumber,SyncSignalID,SyncPolarity,SyncEnable,EventEnable,SyncRequestNumber
Dma.LPUART1_RX.0.SignalID=NONE
Dma.LPUART1_RX.0.SyncEnable=DISABLE
Dma.LPUART1_RX.0.SyncPolarity=HAL_DMAMUX_SYNC_NO_EVENT
Dma.LPUART1_RX.0.SyncRequestNumber=1
Dma.LPUART1_RX.0.SyncSignalID=NONE
Dma.LPUART1_TX.1.Direction=DMA_MEMORY_TO_PERIPH
Dma.LPUART1_TX.1.EventEnable=DISABLE
Dma.LPUART1_TX.1.Instance=DMA1_Channel2
Dma.LPUART1_TX.1.MemDataAlignment=DMA_MDATAALIGN_BYTE
Dma.LPUART1_TX.1.MemInc=DMA_MINC_ENABLE
Dma.LPUART1_TX.1.Mode=DMA_NORMAL
Dma.LPUART1_TX.1.PeriphDataAlignment=DMA_PDATAALIGN_BYTE
Dma.LPUART1_TX.1.PeriphInc=DMA_PINC_DISABLE
Dma.LPUART1_TX.1.Polarity=HAL_DMAMUX_REQ_GEN_RISING
Dma.LPUART1_TX.1.Priority=DMA_PRIORITY_LOW
Dma.LPUART1_TX.1.RequestNumber=1
Dma.LPUART1_TX.1.RequestParameters=Instance,Direction,PeriphInc,MemInc,PeriphDataAlignment,MemDataAlignment,Mode,Priority,SignalID,Polarity,RequestNumber,SyncSignalID,SyncPolarity,SyncEnable,EventEnable,SyncRequestNumber
Dma.LPUART1_TX.1.SignalID=NONE
Dma.LPUART1_TX.1.SyncEnable=DISABLE
Dma.LPUART1_TX.1.SyncPolarity=HAL_DMAMUX_SYNC_NO_EVENT
Dma.LPUART1_TX.1.SyncRequestNumber=1
Dma.LPUART1_TX.1.SyncSignalID=NONE
Dma.Request0=LPUART1_RX
Dma.Request1=LPUART1_TX
Dma.RequestsNb=2
FREERTOS.FootprintOK=true
FREERTOS.INCLUDE_pcTaskGetTaskName=1
FREERTOS.INCLUDE_uxTaskGetStackHighWaterMark2=1
FREERTOS.INCLUDE_xEventGroupSetBitFromISR=1
FREERTOS.INCLUDE_xSemaphoreGetMutexHolder=1
FREERTOS.INCLUDE_xTaskAbortDelay=1
FREERTOS.INCLUDE_xTaskGetCurrentTaskHandle=1
FREERTOS.INCLUDE_xTaskGetHandle=1
FREERTOS.IPParameters=Tasks01,configENABLE_FPU,configTOTAL_HEAP_SIZE,configUSE_IDLE_HOOK,configUSE_MALLOC_FAILED_HOOK,configCHECK_FOR_STACK_OVERFLOW,INCLUDE_pcTaskGetTaskName,INCLUDE_xSemaphoreGetMutexHolder,INCLUDE_xTaskGetCurrentTaskHandle,INCLUDE_xEventGroupSetBitFromISR,INCLUDE_xTaskAbortDelay,INCLUDE_xTaskGetHandle,INCLUDE_uxTaskGetStackHighWaterMark2,FootprintOK
FREERTOS.Tasks01=defaultTask,24,256,StartDefaultTask,Default,NULL,Dynamic,NULL,NULL
FREERTOS.configCHECK_FOR_STACK_OVERFLOW=2
FREERTOS.configENABLE_FPU=1
FREERTOS.configTOTAL_HEAP_SIZE=20480
FREERTOS.configUSE_IDLE_HOOK=1
FREERTOS.configUSE_MALLOC_FAILED_HOOK=1
File.Version=6
GPIO.groupedBy=Group By Peripherals
KeepUserPlacement=false
LORAWAN.ACTIVE_REGION=LORAMAC_REGION_US915
LORAWAN.APP_TX_DUTYCYCLE=15000
LORAWAN.IPParameters=SUBGHZ_APPLICATION,ACTIVE_REGION,REGION_EU868,TX_RFO_CONFIG,LORAWAN_DEFAULT_CONFIRMED_MSG_STATE,LOW_POWER_DISABLE,LORAWAN_DEVICE_EUI,LORAWAN_DEVICE_EUI_HEX,LORAWAN_JOIN_EUI,LORAWAN_JOIN_EUI_HEX,LORAWAN_APP_KEY,LORAWAN_NWK_KEY,LORAWAN_APP_MEM_POOL_SIZE,APP_TX_DUTYCYCLE,LORAWAN_NWK_S_KEY,LORAWAN_APP_S_KEY
LORAWAN.LORAWAN_APP_KEY=07,C0,82,0C,30,B9,08,70,0C,0F,70,06,00,B0,BE,09
LORAWAN.LORAWAN_APP_MEM_POOL_SIZE=16384
LORAWAN.LORAWAN_APP_S_KEY=07,C0,82,0C,30,B9,08,70,0C,0F,70,06,00,B0,BE,09
LORAWAN.LORAWAN_DEFAULT_CONFIRMED_MSG_STATE=LORAMAC_HANDLER_CONFIRMED_MSG
LORAWAN.LORAWAN_DEVICE_EUI=00,95,64,1F,DA,91,19,0C
LORAWAN.LORAWAN_DEVICE_EUI_HEX=0x00,0x95,0x64,0x1F,0xDA,0x91,0x19,0x0C
LORAWAN.LORAWAN_JOIN_EUI=70,B3,D5,7E,D0,02,01,E1
LORAWAN.LORAWAN_JOIN_EUI_HEX=0x70,0xB3,0xD5,0x7E,0xD0,0x02,0x01,0xE1
LORAWAN.LORAWAN_NWK_KEY=07,C0,82,0C,30,B9,08,70,0C,0F,70,06,00,B0,BE,09
LORAWAN.LORAWAN_NWK_S_KEY=07,C0,82,0C,30,B9,08,70,0C,0F,70,06,00,B0,BE,09
LORAWAN.LOW_POWER_DISABLE=true
LORAWAN.REGION_EU868=false
LORAWAN.SUBGHZ_APPLICATION=LORA_END_NODE
LORAWAN.TX_RFO_CONFIG=RBI_CONF_RFO_HP
LPUART1.BaudRate=115200
LPUART1.IPParameters=BaudRate
LoRaWAN.BSP.number=3
LoRaWAN0.BSP.STBoard=false
LoRaWAN0.BSP.api=Unknown
LoRaWAN0.BSP.component=
LoRaWAN0.BSP.condition=\!SEM_LORA_USER_APPLICATION | SEM_LORA_USE_RTC
LoRaWAN0.BSP.instance=RTC
LoRaWAN0.BSP.ip=RTC
LoRaWAN0.BSP.mode=RTC Enabled
LoRaWAN0.BSP.name=RTC
LoRaWAN0.BSP.semaphore=
LoRaWAN0.BSP.solution=RTC
LoRaWAN1.BSP.STBoard=false
LoRaWAN1.BSP.api=Unknown
LoRaWAN1.BSP.component=
LoRaWAN1.BSP.condition=\!SEM_LORA_USER_APPLICATION | SEM_LORA_USE_ADC
LoRaWAN1.BSP.instance=ADC
LoRaWAN1.BSP.ip=ADC
LoRaWAN1.BSP.mode=Vrefint Channel
LoRaWAN1.BSP.name=ADC
LoRaWAN1.BSP.semaphore=
LoRaWAN1.BSP.solution=ADC
LoRaWAN2.BSP.STBoard=false
LoRaWAN2.BSP.api=Unknown
LoRaWAN2.BSP.component=
LoRaWAN2.BSP.condition=SEM_LORA_END_NODE  | SEM_LORA_USE_UART
LoRaWAN2.BSP.instance=LPUART1
LoRaWAN2.BSP.ip=(LPU|US)ART
LoRaWAN2.BSP.mode=Asynchronous
LoRaWAN2.BSP.name=USART
LoRaWAN2.BSP.semaphore=
LoRaWAN2.BSP.solution=LPUART1
Mcu.CPN=STM32WLE5CCU6
Mcu.Family=STM32WL
Mcu.IP0=ADC
Mcu.IP1=ADV_TRACE
Mcu.IP10=RTC
Mcu.IP11=SUBGHZ
Mcu.IP12=SYS
Mcu.IP13=TIMER
Mcu.IP14=TINY_LPM
Mcu.IP2=DEBUG
Mcu.IP3=DMA
Mcu.IP4=FREERTOS
Mcu.IP5=LORAWAN
Mcu.IP6=LPUART1
Mcu.IP7=MISC
Mcu.IP8=NVIC
Mcu.IP9=RCC
Mcu.IPNb=15
Mcu.Name=STM32WLE5CCUx
Mcu.Package=UFQFPN48
Mcu.Pin0=PB8
Mcu.Pin1=PA2
Mcu.Pin10=VP_ADC_Vref_Input
Mcu.Pin11=VP_ADV_TRACE_VS_ADV_TRACE
Mcu.Pin12=VP_FREERTOS_VS_CMSIS_V2
Mcu.Pin13=VP_LORAWAN_VS_LoRaWAN
Mcu.Pin14=VP_MISC_VS_MISC
Mcu.Pin15=VP_RTC_VS_RTC_Activate
Mcu.Pin16=VP_RTC_VS_RTC_Calendar
Mcu.Pin17=VP_RTC_VS_RTC_Alarm_A_Intern
Mcu.Pin18=VP_SUBGHZ_VS_SUBGHZ
Mcu.Pin19=VP_SYS_VS_Systick
Mcu.Pin2=PA3
Mcu.Pin20=VP_TIMER_VS_TIMER
Mcu.Pin21=VP_TINY_LPM_VS_TINY_LPM
Mcu.Pin3=OSC_IN
Mcu.Pin4=PB0-VDD_TCXO
Mcu.Pin5=PA13
Mcu.Pin6=PC13
Mcu.Pin7=PC14-OSC32_IN
Mcu.Pin8=PC15-OSC32_OUT
Mcu.Pin9=PA14
Mcu.PinsNb=22
Mcu.ThirdPartyNb=0
Mcu.UserConstants=RTC_PREDIV_A,((1<<(15-RTC_N_PREDIV_S))-1);RTC_N_PREDIV_S,10;RTC_PREDIV_S,((1<<RTC_N_PREDIV_S)-1)
Mcu.UserName=STM32WLE5CCUx
MxCube.Version=6.12.1
MxDb.Version=DB.6.0.121
NVIC.ADC_IRQn=true\:5\:0\:false\:false\:true\:true\:true\:true\:true
NVIC.BusFault_IRQn=true\:0\:0\:false\:false\:true\:false\:false\:false\:false
NVIC.DMA1_Channel1_IRQn=true\:5\:0\:false\:false\:true\:true\:false\:true\:true
NVIC.DMA1_Channel2_IRQn=true\:5\:0\:false\:false\:true\:true\:false\:true\:true
NVIC.DebugMonitor_IRQn=true\:0\:0\:false\:false\:true\:false\:false\:false\:false
NVIC.ForceEnableDMAVector=true
NVIC.HardFault_IRQn=true\:0\:0\:false\:false\:true\:false\:false\:false\:false
NVIC.LPUART1_IRQn=true\:5\:0\:false\:false\:true\:true\:true\:true\:true
NVIC.MemoryManagement_IRQn=true\:0\:0\:false\:false\:true\:false\:false\:false\:false
NVIC.NonMaskableInt_IRQn=true\:0\:0\:false\:false\:true\:false\:false\:false\:false
NVIC.PendSV_IRQn=true\:15\:0\:false\:false\:false\:true\:false\:false\:false
NVIC.PriorityGroup=NVIC_PRIORITYGROUP_4
NVIC.RTC_Alarm_IRQn=true\:5\:0\:false\:false\:true\:true\:true\:true\:true
NVIC.SUBGHZ_Radio_IRQn=true\:5\:0\:false\:false\:true\:true\:true\:true\:true
NVIC.SVCall_IRQn=true\:0\:0\:false\:false\:false\:false\:false\:false\:false
NVIC.SavedPendsvIrqHandlerGenerated=true
NVIC.SavedSvcallIrqHandlerGenerated=true
NVIC.SavedSystickIrqHandlerGenerated=true
NVIC.SysTick_IRQn=true\:15\:0\:false\:false\:true\:true\:false\:true\:false
NVIC.TAMP_STAMP_LSECSS_SSRU_IRQn=true\:5\:0\:false\:false\:true\:true\:true\:true\:true
NVIC.UsageFault_IRQn=true\:0\:0\:false\:false\:true\:false\:false\:false\:false
OSC_IN.Mode=HSE-TCXO
OSC_IN.Signal=RCC_OSC_IN
PA13.Mode=Serial_Wire
PA13.Signal=DEBUG_JTMS-SWDIO
PA14.Mode=Serial_Wire
PA14.Signal=DEBUG_JTCK-SWCLK
PA2.Mode=Asynchronous
PA2.Signal=LPUART1_TX
PA3.Mode=Asynchronous
PA3.Signal=LPUART1_RX
PB0-VDD_TCXO.Mode=HSE-TCXO
PB0-VDD_TCXO.Signal=VDDTCXO
PB8.GPIOParameters=GPIO_Speed,GPIO_Label
PB8.GPIO_Label=FE_CTL1
PB8.GPIO_Speed=GPIO_SPEED_FREQ_LOW
PB8.Locked=true
PB8.Signal=GPIO_Output
PC13.GPIOParameters=GPIO_Label
PC13.GPIO_Label=FE_CTL2
PC13.Locked=true
PC13.Signal=GPIO_Output
PC14-OSC32_IN.Mode=LSE-External-Oscillator
PC14-OSC32_IN.Signal=RCC_OSC32_IN
PC15-OSC32_OUT.Mode=LSE-External-Oscillator
PC15-OSC32_OUT.Signal=RCC_OSC32_OUT
PCC.SUBGHZ.FrequencyBand=High
PCC.SUBGHZ.Modulation=FSK
PCC.SUBGHZ.OptionalSettings=false
PCC.SUBGHZ.Output.Power=14
PCC.SUBGHZ.PowerAmplifier=Low Power
PCC.SUBGHZ.RxBoosted=false
PCC.SUBGHZ.SMPS=Off
PinOutPanel.RotationAngle=0
ProjectManager.AskForMigrate=true
ProjectManager.BackupPrevious=false
ProjectManager.CompilerOptimize=6
ProjectManager.ComputerToolchain=false
ProjectManager.CoupleFile=true
ProjectManager.CustomerFirmwarePackage=
ProjectManager.DefaultFWLocation=true
ProjectManager.DeletePrevious=true
ProjectManager.DeviceId=STM32WLE5CCUx
ProjectManager.FirmwarePackage=STM32Cube FW_WL V1.3.0
ProjectManager.FreePins=true
ProjectManager.HalAssertFull=false
ProjectManager.HeapSize=0x200
ProjectManager.KeepUserCode=true
ProjectManager.LastFirmware=true
ProjectManager.LibraryCopy=1
ProjectManager.MainLocation=Core/Src
ProjectManager.NoMain=false
ProjectManager.PreviousToolchain=
ProjectManager.ProjectBuild=false
ProjectManager.ProjectFileName=WLE5_LoRaWAN_Proto_RTOS.ioc
ProjectManager.ProjectName=WLE5_LoRaWAN_Proto_RTOS
ProjectManager.ProjectStructure=
ProjectManager.RegisterCallBack=
ProjectManager.StackSize=0x400
ProjectManager.TargetToolchain=STM32CubeIDE
ProjectManager.ToolChainLocation=
ProjectManager.UAScriptAfterPath=
ProjectManager.UAScriptBeforePath=
ProjectManager.UnderRoot=true
ProjectManager.functionlistsort=1-SystemClock_Config-RCC-false-HAL-false,2-MX_GPIO_Init-GPIO-false-HAL-true,3-MX_DMA_Init-DMA-false-HAL-true,4-MX_LPUART1_UART_Init-LPUART1-false-HAL-true,5-MX_RTC_Init-RTC-true-HAL-true,6-MX_ADC_Init-ADC-true-HAL-false,7-MX_SUBGHZ_Init-SUBGHZ-true-HAL-false,8-MX_LoRaWAN_Init-LORAWAN-false-HAL-false
RCC.AHBFreq_Value=48000000
RCC.APB1Freq_Value=48000000
RCC.APB1TimFreq_Value=48000000
RCC.APB2Freq_Value=48000000
RCC.APB2TimFreq_Value=48000000
RCC.APB3Freq_Value=48000000
RCC.CortexFreq_Value=48000000
RCC.FCLKCortexFreq_Value=48000000
RCC.FamilyName=M
RCC.HCLK3Freq_Value=48000000
RCC.HCLKFreq_Value=48000000
RCC.HSE_VALUE=32000000
RCC.HSI_VALUE=16000000
RCC.I2C1Freq_Value=48000000
RCC.I2C2Freq_Value=48000000
RCC.I2C3Freq_Value=48000000
RCC.I2S2Freq_Value=16000000
RCC.IPParameters=AHBFreq_Value,APB1Freq_Value,APB1TimFreq_Value,APB2Freq_Value,APB2TimFreq_Value,APB3Freq_Value,CortexFreq_Value,FCLKCortexFreq_Value,FamilyName,HCLK3Freq_Value,HCLKFreq_Value,HSE_VALUE,HSI_VALUE,I2C1Freq_Value,I2C2Freq_Value,I2C3Freq_Value,I2S2Freq_Value,LPTIM1Freq_Value,LPTIM2Freq_Value,LPTIM3Freq_Value,LPUART1Freq_Value,LSCOPinFreq_Value,LSE_VALUE,MCO1PinFreq_Value,MSIClockRange,PLLPoutputFreq_Value,PLLQoutputFreq_Value,PLLRCLKFreq_Value,PWRFreq_Value,RNGFreq_Value,RTCClockSelection,RTCFreq_Value,SYSCLKFreq_VALUE,USART1Freq_Value,USART2Freq_Value,VCOInputFreq_Value,VCOOutputFreq_Value
RCC.LPTIM1Freq_Value=48000000
RCC.LPTIM2Freq_Value=48000000
RCC.LPTIM3Freq_Value=48000000
RCC.LPUART1Freq_Value=48000000
RCC.LSCOPinFreq_Value=32000
RCC.LSE_VALUE=32768
RCC.MCO1PinFreq_Value=48000000
RCC.MSIClockRange=RCC_MSIRANGE_11
RCC.PLLPoutputFreq_Value=192000000
RCC.PLLQoutputFreq_Value=192000000
RCC.PLLRCLKFreq_Value=192000000
RCC.PWRFreq_Value=48000000
RCC.RNGFreq_Value=32000
RCC.RTCClockSelection=RCC_RTCCLKSOURCE_LSE
RCC.RTCFreq_Value=32768
RCC.SYSCLKFreq_VALUE=48000000
RCC.USART1Freq_Value=48000000
RCC.USART2Freq_Value=48000000
RCC.VCOInputFreq_Value=48000000
RCC.VCOOutputFreq_Value=384000000
RTC.Alarm-Alarm\ A=RTC_ALARM_A
RTC.AsynchPrediv=RTC_PREDIV_A
RTC.BinMode=RTC_BINARY_ONLY
RTC.IPParameters=Alarm-Alarm A,BinMode,AsynchPrediv
VP_ADC_Vref_Input.Mode=IN-Vrefint
VP_ADC_Vref_Input.Signal=ADC_Vref_Input
VP_ADV_TRACE_VS_ADV_TRACE.Mode=ADV_TRACE_Enabled
VP_ADV_TRACE_VS_ADV_TRACE.Signal=ADV_TRACE_VS_ADV_TRACE
VP_FREERTOS_VS_CMSIS_V2.Mode=CMSIS_V2
VP_FREERTOS_VS_CMSIS_V2.Signal=FREERTOS_VS_CMSIS_V2
VP_LORAWAN_VS_LoRaWAN.Mode=LoRaWAN_Enabled
VP_LORAWAN_VS_LoRaWAN.Signal=LORAWAN_VS_LoRaWAN
VP_MISC_VS_MISC.Mode=MISC_Enabled
VP_MISC_VS_MISC.Signal=MISC_VS_MISC
VP_RTC_VS_RTC_Activate.Mode=RTC_Enabled
VP_RTC_VS_RTC_Activate.Signal=RTC_VS_RTC_Activate
VP_RTC_VS_RTC_Alarm_A_Intern.Mode=Alarm A
VP_RTC_VS_RTC_Alarm_A_Intern.Signal=RTC_VS_RTC_Alarm_A_Intern
VP_RTC_VS_RTC_Calendar.Mode=RTC_Calendar
VP_RTC_VS_RTC_Calendar.Signal=RTC_VS_RTC_Calendar
VP_SUBGHZ_VS_SUBGHZ.Mode=SUBGHZ_Activate
VP_SUBGHZ_VS_SUBGHZ.Signal=SUBGHZ_VS_SUBGHZ
VP_SYS_VS_Systick.Mode=SysTick
VP_SYS_VS_Systick.Signal=SYS_VS_Systick
VP_TIMER_VS_TIMER.Mode=TIMER_Enabled
VP_TIMER_VS_TIMER.Signal=TIMER_VS_TIMER
VP_TINY_LPM_VS_TINY_LPM.Mode=TINY_LPM_Enabled
VP_TINY_LPM_VS_TINY_LPM.Signal=TINY_LPM_VS_TINY_LPM
board=custom
rtos.0.ip=FREERTOS
isbadioc=false
